
Microsoft Visual Studio Solution File, Format Version 12.00
Project("{FAE04EC0-301F-11D3-BF4B-00C04F79EFBC}") = "cw7", "cw7\cw7.csproj", "{1046F585-5368-4DCF-A418-ABDF2C0AEF71}"
EndProject
Global
	GlobalSection(SolutionConfigurationPlatforms) = preSolution
		Debug|Any CPU = Debug|Any CPU
		Release|Any CPU = Release|Any CPU
	EndGlobalSection
	GlobalSection(ProjectConfigurationPlatforms) = postSolution
		{1046F585-5368-4DCF-A418-ABDF2C0AEF71}.Debug|Any CPU.ActiveCfg = Debug|Any CPU
		{1046F585-5368-4DCF-A418-ABDF2C0AEF71}.Debug|Any CPU.Build.0 = Debug|Any CPU
		{1046F585-5368-4DCF-A418-ABDF2C0AEF71}.Release|Any CPU.ActiveCfg = Release|Any CPU
		{1046F585-5368-4DCF-A418-ABDF2C0AEF71}.Release|Any CPU.Build.0 = Release|Any CPU
	EndGlobalSection
EndGlobal
